
Microsoft Visual Studio Solution File, Format Version 12.00
# Visual Studio Version 17
VisualStudioVersion = 17.0.31919.166
MinimumVisualStudioVersion = 10.0.40219.1
Project("{FAE04EC0-301F-11D3-BF4B-00C04F79EFBC}") = "gitConsoleApp", "gitConsoleApp\gitConsoleApp.csproj", "{9BAA8E13-E237-499F-B4C7-502FB7C01F0B}"
EndProject
Global
	GlobalSection(SolutionConfigurationPlatforms) = preSolution
		Debug|Any CPU = Debug|Any CPU
		Release|Any CPU = Release|Any CPU
	EndGlobalSection
	GlobalSection(ProjectConfigurationPlatforms) = postSolution
		{9BAA8E13-E237-499F-B4C7-502FB7C01F0B}.Debug|Any CPU.ActiveCfg = Debug|Any CPU
		{9BAA8E13-E237-499F-B4C7-502FB7C01F0B}.Debug|Any CPU.Build.0 = Debug|Any CPU
		{9BAA8E13-E237-499F-B4C7-502FB7C01F0B}.Release|Any CPU.ActiveCfg = Release|Any CPU
		{9BAA8E13-E237-499F-B4C7-502FB7C01F0B}.Release|Any CPU.Build.0 = Release|Any CPU
	EndGlobalSection
	GlobalSection(SolutionProperties) = preSolution
		HideSolutionNode = FALSE
	EndGlobalSection
	GlobalSection(ExtensibilityGlobals) = postSolution
		SolutionGuid = {936941F2-FA76-40AD-A821-FF0AC1865DA9}
	EndGlobalSection
EndGlobal
